
Microsoft Visual Studio Solution File, Format Version 12.00
# Visual Studio Version 17
VisualStudioVersion = 17.4.33122.133
MinimumVisualStudioVersion = 10.0.40219.1
Project("{2150E333-8FDC-42A3-9474-1A3956D46DE8}") = "src", "src", "{0959A09E-193B-4822-A315-394298998951}"
EndProject
Project("{2150E333-8FDC-42A3-9474-1A3956D46DE8}") = "tests", "tests", "{9CA42BD8-A0B5-4571-9530-F80B23395D53}"
EndProject
Project("{2150E333-8FDC-42A3-9474-1A3956D46DE8}") = "props", "props", "{C524BF04-5A0D-43E2-A339-582A861933DB}"
EndProject
Project("{9A19103F-16F7-4668-BE54-9A1E7A4F7556}") = "Featurize.Repositories", "src\Featurize.Repositories\Featurize.Repositories.csproj", "{8B290637-497B-4FF1-AAA4-0726058ECE39}"
EndProject
Project("{9A19103F-16F7-4668-BE54-9A1E7A4F7556}") = "Featurize.Repositories.Tests", "tests\Featurize.Repositories.Tests\Featurize.Repositories.Tests.csproj", "{2757A19C-B25A-4ADB-8B9E-9F8184850F37}"
EndProject
Project("{FAE04EC0-301F-11D3-BF4B-00C04F79EFBC}") = "Featurize.Repositories.MongoDB", "src\Featurize.Repositories.MongoDB\Featurize.Repositories.MongoDB.csproj", "{06607C0C-17EF-43AA-A849-8B5181B7CE83}"
EndProject
Project("{FAE04EC0-301F-11D3-BF4B-00C04F79EFBC}") = "Featurize.Repositories.MongoDB.Tests", "tests\Featurize.Repositories.MongoDB.Tests\Featurize.Repositories.MongoDB.Tests.csproj", "{17D407B9-CE7F-474A-8555-89EEC0C6739A}"
EndProject
Project("{FAE04EC0-301F-11D3-BF4B-00C04F79EFBC}") = "Featurize.Repositories.InMemory", "src\Featurize.Repositories.InMemory\Featurize.Repositories.InMemory.csproj", "{DD5A33BC-D2A4-42D3-9C66-10A5FE9823E1}"
EndProject
Project("{FAE04EC0-301F-11D3-BF4B-00C04F79EFBC}") = "Featurize.Repositories.Multi.Tests", "tests\Featurize.Repositories.Multi.Tests\Featurize.Repositories.Multi.Tests.csproj", "{8F59F933-3682-457D-B507-290CB97FA56B}"
EndProject
Global
	GlobalSection(SolutionConfigurationPlatforms) = preSolution
		Debug|Any CPU = Debug|Any CPU
		Release|Any CPU = Release|Any CPU
	EndGlobalSection
	GlobalSection(ProjectConfigurationPlatforms) = postSolution
		{8B290637-497B-4FF1-AAA4-0726058ECE39}.Debug|Any CPU.ActiveCfg = Debug|Any CPU
		{8B290637-497B-4FF1-AAA4-0726058ECE39}.Debug|Any CPU.Build.0 = Debug|Any CPU
		{8B290637-497B-4FF1-AAA4-0726058ECE39}.Release|Any CPU.ActiveCfg = Release|Any CPU
		{8B290637-497B-4FF1-AAA4-0726058ECE39}.Release|Any CPU.Build.0 = Release|Any CPU
		{2757A19C-B25A-4ADB-8B9E-9F8184850F37}.Debug|Any CPU.ActiveCfg = Debug|Any CPU
		{2757A19C-B25A-4ADB-8B9E-9F8184850F37}.Debug|Any CPU.Build.0 = Debug|Any CPU
		{2757A19C-B25A-4ADB-8B9E-9F8184850F37}.Release|Any CPU.ActiveCfg = Release|Any CPU
		{2757A19C-B25A-4ADB-8B9E-9F8184850F37}.Release|Any CPU.Build.0 = Release|Any CPU
		{06607C0C-17EF-43AA-A849-8B5181B7CE83}.Debug|Any CPU.ActiveCfg = Debug|Any CPU
		{06607C0C-17EF-43AA-A849-8B5181B7CE83}.Debug|Any CPU.Build.0 = Debug|Any CPU
		{06607C0C-17EF-43AA-A849-8B5181B7CE83}.Release|Any CPU.ActiveCfg = Release|Any CPU
		{06607C0C-17EF-43AA-A849-8B5181B7CE83}.Release|Any CPU.Build.0 = Release|Any CPU
		{17D407B9-CE7F-474A-8555-89EEC0C6739A}.Debug|Any CPU.ActiveCfg = Debug|Any CPU
		{17D407B9-CE7F-474A-8555-89EEC0C6739A}.Debug|Any CPU.Build.0 = Debug|Any CPU
		{17D407B9-CE7F-474A-8555-89EEC0C6739A}.Release|Any CPU.ActiveCfg = Release|Any CPU
		{17D407B9-CE7F-474A-8555-89EEC0C6739A}.Release|Any CPU.Build.0 = Release|Any CPU
		{DD5A33BC-D2A4-42D3-9C66-10A5FE9823E1}.Debug|Any CPU.ActiveCfg = Debug|Any CPU
		{DD5A33BC-D2A4-42D3-9C66-10A5FE9823E1}.Debug|Any CPU.Build.0 = Debug|Any CPU
		{DD5A33BC-D2A4-42D3-9C66-10A5FE9823E1}.Release|Any CPU.ActiveCfg = Release|Any CPU
		{DD5A33BC-D2A4-42D3-9C66-10A5FE9823E1}.Release|Any CPU.Build.0 = Release|Any CPU
		{8F59F933-3682-457D-B507-290CB97FA56B}.Debug|Any CPU.ActiveCfg = Debug|Any CPU
		{8F59F933-3682-457D-B507-290CB97FA56B}.Debug|Any CPU.Build.0 = Debug|Any CPU
		{8F59F933-3682-457D-B507-290CB97FA56B}.Release|Any CPU.ActiveCfg = Release|Any CPU
		{8F59F933-3682-457D-B507-290CB97FA56B}.Release|Any CPU.Build.0 = Release|Any CPU
	EndGlobalSection
	GlobalSection(SolutionProperties) = preSolution
		HideSolutionNode = FALSE
	EndGlobalSection
	GlobalSection(NestedProjects) = preSolution
		{8B290637-497B-4FF1-AAA4-0726058ECE39} = {0959A09E-193B-4822-A315-394298998951}
		{2757A19C-B25A-4ADB-8B9E-9F8184850F37} = {9CA42BD8-A0B5-4571-9530-F80B23395D53}
		{06607C0C-17EF-43AA-A849-8B5181B7CE83} = {0959A09E-193B-4822-A315-394298998951}
		{17D407B9-CE7F-474A-8555-89EEC0C6739A} = {9CA42BD8-A0B5-4571-9530-F80B23395D53}
		{DD5A33BC-D2A4-42D3-9C66-10A5FE9823E1} = {0959A09E-193B-4822-A315-394298998951}
		{8F59F933-3682-457D-B507-290CB97FA56B} = {9CA42BD8-A0B5-4571-9530-F80B23395D53}
	EndGlobalSection
	GlobalSection(ExtensibilityGlobals) = postSolution
		SolutionGuid = {A7559BD2-5233-459E-B6EB-BC04D855BB75}
	EndGlobalSection
EndGlobal
